github.com/italypaleale/hugo-assets v0.0.0-20260506052543-7df5e061ce3e h1:x6Yd38XkgQrFOnsU6BLmbDi8BIEoVS7UBVHMxX+QANs=
github.com/italypaleale/hugo-assets v0.0.0-20260506052543-7df5e061ce3e/go.mod h1:vE15WrLgxnddTgGIOV9mezgwyfj7NS1CFQ3NMLaxjaI=
github.com/italypaleale/hugo-assets v0.0.0-20260506143650-c08b249728cc h1:esX1yWAu9sS83wxOzbM19j6/emnPhDTg84oZPyQqAjk=
github.com/italypaleale/hugo-assets v0.0.0-20260506143650-c08b249728cc/go.mod h1:vE15WrLgxnddTgGIOV9mezgwyfj7NS1CFQ3NMLaxjaI=
github.com/italypaleale/hugo-assets v0.0.0-20260506144605-1e5b5aa9dfd1 h1:uiP4aLQdNB+/IABQw3QFfJvLLPtvVgPO8/S0/y2WzPs=
github.com/italypaleale/hugo-assets v0.0.0-20260506144605-1e5b5aa9dfd1/go.mod h1:vE15WrLgxnddTgGIOV9mezgwyfj7NS1CFQ3NMLaxjaI=
github.com/italypaleale/hugo-assets v0.0.0-20260509150359-8f0bee530d32 h1:6IKgd5ntEcMJzr4t7dfqaNO0G5gD8qNh/5F2YkEaRZ4=
github.com/italypaleale/hugo-assets v0.0.0-20260509150359-8f0bee530d32/go.mod h1:vE15WrLgxnddTgGIOV9mezgwyfj7NS1CFQ3NMLaxjaI=
